
Microsoft Visual Studio Solution File, Format Version 12.00
# Visual Studio 2013
VisualStudioVersion = 12.0.31101.0
MinimumVisualStudioVersion = 10.0.40219.1
Project("{FAE04EC0-301F-11D3-BF4B-00C04F79EFBC}") = "ServerApp", "ServerApp\ServerApp.csproj", "{28E6C36A-F641-4DF8-B1A9-3AAE3946BCC0}"
EndProject
Project("{FAE04EC0-301F-11D3-BF4B-00C04F79EFBC}") = "ClientApp", "ClientApp\ClientApp.csproj", "{452F6E67-3B8F-45A4-A6F8-FB7CB0616C4D}"
EndProject
Global
	GlobalSection(SolutionConfigurationPlatforms) = preSolution
		Debug|Any CPU = Debug|Any CPU
		Release|Any CPU = Release|Any CPU
	EndGlobalSection
	GlobalSection(ProjectConfigurationPlatforms) = postSolution
		{28E6C36A-F641-4DF8-B1A9-3AAE3946BCC0}.Debug|Any CPU.ActiveCfg = Debug|Any CPU
		{28E6C36A-F641-4DF8-B1A9-3AAE3946BCC0}.Debug|Any CPU.Build.0 = Debug|Any CPU
		{28E6C36A-F641-4DF8-B1A9-3AAE3946BCC0}.Release|Any CPU.ActiveCfg = Release|Any CPU
		{28E6C36A-F641-4DF8-B1A9-3AAE3946BCC0}.Release|Any CPU.Build.0 = Release|Any CPU
		{452F6E67-3B8F-45A4-A6F8-FB7CB0616C4D}.Debug|Any CPU.ActiveCfg = Debug|Any CPU
		{452F6E67-3B8F-45A4-A6F8-FB7CB0616C4D}.Debug|Any CPU.Build.0 = Debug|Any CPU
		{452F6E67-3B8F-45A4-A6F8-FB7CB0616C4D}.Release|Any CPU.ActiveCfg = Release|Any CPU
		{452F6E67-3B8F-45A4-A6F8-FB7CB0616C4D}.Release|Any CPU.Build.0 = Release|Any CPU
	EndGlobalSection
	GlobalSection(SolutionProperties) = preSolution
		HideSolutionNode = FALSE
	EndGlobalSection
EndGlobal
